{
  "name": "sublime-json5stringifier",
  "version": "1.0.0",
  "lockfileVersion": 1,
  "requires": true,
  "dependencies": {
    "json5": {
      "version": "2.1.1",
      "resolved": "https://registry.npm.taobao.org/json5/download/json5-2.1.1.tgz",
      "integrity": "sha1-gbbLBOm6SW8ccAXQe0NoomOPkLY=",
      "requires": {
        "minimist": "^1.2.0"
      }
    },
    "minimist": {
      "version": "1.2.8",
      "resolved": "https://registry.npmmirror.com/minimist/-/minimist-1.2.8.tgz",
      "integrity": "sha512-2yyAR8qBkN3YuheJanUpWC5U3bb5osDywNB8RzDVlDwDHbocAJveqqj1u8+SVD7jkWT4yvsHCpWqqWqAxb0zCA=="
    }
  }
}
